
Microsoft Visual Studio Solution File, Format Version 12.00
# Visual Studio Version 17
VisualStudioVersion = 17.4.33213.308
MinimumVisualStudioVersion = 10.0.40219.1
Project("{8BC9CEB8-8B4A-11D0-8D11-00A0C91BC942}") = "MoonRender", "MoonRender.vcxproj", "{8542FE40-E562-4F38-834F-D2982928C5C7}"
EndProject
Project("{8BC9CEB8-8B4A-11D0-8D11-00A0C91BC942}") = "01-InitialLearn", "LearnTestProj\01-InitialLearn\01-InitialLearn.vcxproj", "{FF455F2B-789D-4D57-99CD-D057C67D25E2}"
EndProject
Project("{2150E333-8FDC-42A3-9474-1A3956D46DE8}") = "TestLearn", "TestLearn", "{3C0C743B-8448-4D9F-9CA9-56FA8E578089}"
EndProject
Global
	GlobalSection(SolutionConfigurationPlatforms) = preSolution
		Debug|x64 = Debug|x64
		Debug|x86 = Debug|x86
		Release|x64 = Release|x64
		Release|x86 = Release|x86
	EndGlobalSection
	GlobalSection(ProjectConfigurationPlatforms) = postSolution
		{8542FE40-E562-4F38-834F-D2982928C5C7}.Debug|x64.ActiveCfg = Debug|x64
		{8542FE40-E562-4F38-834F-D2982928C5C7}.Debug|x64.Build.0 = Debug|x64
		{8542FE40-E562-4F38-834F-D2982928C5C7}.Debug|x86.ActiveCfg = Debug|Win32
		{8542FE40-E562-4F38-834F-D2982928C5C7}.Debug|x86.Build.0 = Debug|Win32
		{8542FE40-E562-4F38-834F-D2982928C5C7}.Release|x64.ActiveCfg = Release|x64
		{8542FE40-E562-4F38-834F-D2982928C5C7}.Release|x64.Build.0 = Release|x64
		{8542FE40-E562-4F38-834F-D2982928C5C7}.Release|x86.ActiveCfg = Release|Win32
		{8542FE40-E562-4F38-834F-D2982928C5C7}.Release|x86.Build.0 = Release|Win32
		{FF455F2B-789D-4D57-99CD-D057C67D25E2}.Debug|x64.ActiveCfg = Debug|x64
		{FF455F2B-789D-4D57-99CD-D057C67D25E2}.Debug|x64.Build.0 = Debug|x64
		{FF455F2B-789D-4D57-99CD-D057C67D25E2}.Debug|x86.ActiveCfg = Debug|Win32
		{FF455F2B-789D-4D57-99CD-D057C67D25E2}.Debug|x86.Build.0 = Debug|Win32
		{FF455F2B-789D-4D57-99CD-D057C67D25E2}.Release|x64.ActiveCfg = Release|x64
		{FF455F2B-789D-4D57-99CD-D057C67D25E2}.Release|x64.Build.0 = Release|x64
		{FF455F2B-789D-4D57-99CD-D057C67D25E2}.Release|x86.ActiveCfg = Release|Win32
		{FF455F2B-789D-4D57-99CD-D057C67D25E2}.Release|x86.Build.0 = Release|Win32
	EndGlobalSection
	GlobalSection(SolutionProperties) = preSolution
		HideSolutionNode = FALSE
	EndGlobalSection
	GlobalSection(NestedProjects) = preSolution
		{FF455F2B-789D-4D57-99CD-D057C67D25E2} = {3C0C743B-8448-4D9F-9CA9-56FA8E578089}
	EndGlobalSection
	GlobalSection(ExtensibilityGlobals) = postSolution
		SolutionGuid = {94A5C4AE-F571-4AC2-AB8D-C5B8FA469550}
	EndGlobalSection
EndGlobal
