<?xml version="1.0" encoding="utf-8"?>
<Project ToolsVersion="4.0" xmlns="http://schemas.microsoft.com/developer/msbuild/2003">
  <ItemGroup>
    <Filter Include="源文件">
      <UniqueIdentifier>{4FC737F1-C7A5-4376-A066-2A32D752A2FF}</UniqueIdentifier>
      <Extensions>cpp;c;cc;cxx;c++;cppm;ixx;def;odl;idl;hpj;bat;asm;asmx</Extensions>
    </Filter>
    <Filter Include="头文件">
      <UniqueIdentifier>{93995380-89BD-4b04-88EB-625FBE52EBFB}</UniqueIdentifier>
      <Extensions>h;hh;hpp;hxx;h++;hm;inl;inc;ipp;xsd</Extensions>
    </Filter>
    <Filter Include="资源文件">
      <UniqueIdentifier>{67DA6AB6-F800-4c08-8B7A-83BB121AAD01}</UniqueIdentifier>
      <Extensions>rc;ico;cur;bmp;dlg;rc2;rct;bin;rgs;gif;jpg;jpeg;jpe;resx;tiff;tif;png;wav;mfcribbon-ms</Extensions>
    </Filter>
    <Filter Include="头文件\Core">
      <UniqueIdentifier>{e7bb2fd0-1d05-4ef6-a87d-0d6ffeb408f9}</UniqueIdentifier>
    </Filter>
    <Filter Include="源文件\Core">
      <UniqueIdentifier>{6417fd6b-ee90-487f-8426-1df4f8ef2597}</UniqueIdentifier>
    </Filter>
  </ItemGroup>
  <ItemGroup>
    <ClInclude Include="Core\D3DApp.h">
      <Filter>头文件\Core</Filter>
    </ClInclude>
    <ClInclude Include="Core\WinMin.h">
      <Filter>头文件\Core</Filter>
    </ClInclude>
    <ClInclude Include="Core\CpuTimer.h">
      <Filter>头文件\Core</Filter>
    </ClInclude>
    <ClInclude Include="Core\D3DUtil.h">
      <Filter>头文件\Core</Filter>
    </ClInclude>
    <ClInclude Include="Core\DXTrace.h">
      <Filter>头文件\Core</Filter>
    </ClInclude>
    <ClInclude Include="Core\GameApp.h">
      <Filter>头文件\Core</Filter>
    </ClInclude>
  </ItemGroup>
  <ItemGroup>
    <ClCompile Include="Core\D3DApp.cpp">
      <Filter>源文件\Core</Filter>
    </ClCompile>
    <ClCompile Include="Core\DXTrace.cpp">
      <Filter>源文件\Core</Filter>
    </ClCompile>
    <ClCompile Include="Core\Main.cpp">
      <Filter>源文件\Core</Filter>
    </ClCompile>
    <ClCompile Include="Core\D3DUtil.cpp">
      <Filter>源文件\Core</Filter>
    </ClCompile>
    <ClCompile Include="Core\CpuTimer.cpp">
      <Filter>源文件\Core</Filter>
    </ClCompile>
    <ClCompile Include="Core\GameApp.cpp">
      <Filter>源文件\Core</Filter>
    </ClCompile>
  </ItemGroup>
</Project>